
Microsoft Visual Studio Solution File, Format Version 11.00
# Visual Studio 2010 Express for Windows Phone
Project("{FAE04EC0-301F-11D3-BF4B-00C04F79EFBC}") = "Gmail Full version", "Gmail Full version\Gmail Full version.csproj", "{B63A02D2-B881-4CFE-8E0A-639992DFBBE5}"
EndProject
Project("{FAE04EC0-301F-11D3-BF4B-00C04F79EFBC}") = "XAMLControls", "..\..\..\..\Downloads\Compressed\spinning\XAMLControls\XAMLControls.csproj", "{5DB736BC-E808-4C7A-89AE-58CD8A12C13E}"
EndProject
Global
	GlobalSection(SolutionConfigurationPlatforms) = preSolution
		Debug|Any CPU = Debug|Any CPU
		Release|Any CPU = Release|Any CPU
	EndGlobalSection
	GlobalSection(ProjectConfigurationPlatforms) = postSolution
		{B63A02D2-B881-4CFE-8E0A-639992DFBBE5}.Debug|Any CPU.ActiveCfg = Debug|Any CPU
		{B63A02D2-B881-4CFE-8E0A-639992DFBBE5}.Debug|Any CPU.Build.0 = Debug|Any CPU
		{B63A02D2-B881-4CFE-8E0A-639992DFBBE5}.Debug|Any CPU.Deploy.0 = Debug|Any CPU
		{B63A02D2-B881-4CFE-8E0A-639992DFBBE5}.Release|Any CPU.ActiveCfg = Release|Any CPU
		{B63A02D2-B881-4CFE-8E0A-639992DFBBE5}.Release|Any CPU.Build.0 = Release|Any CPU
		{B63A02D2-B881-4CFE-8E0A-639992DFBBE5}.Release|Any CPU.Deploy.0 = Release|Any CPU
		{5DB736BC-E808-4C7A-89AE-58CD8A12C13E}.Debug|Any CPU.ActiveCfg = Debug|Any CPU
		{5DB736BC-E808-4C7A-89AE-58CD8A12C13E}.Debug|Any CPU.Build.0 = Debug|Any CPU
		{5DB736BC-E808-4C7A-89AE-58CD8A12C13E}.Release|Any CPU.ActiveCfg = Release|Any CPU
		{5DB736BC-E808-4C7A-89AE-58CD8A12C13E}.Release|Any CPU.Build.0 = Release|Any CPU
	EndGlobalSection
	GlobalSection(SolutionProperties) = preSolution
		HideSolutionNode = FALSE
	EndGlobalSection
EndGlobal
